
Microsoft Visual Studio Solution File, Format Version 12.00
# Visual Studio Version 17
VisualStudioVersion = 17.0.32112.339
MinimumVisualStudioVersion = 10.0.40219.1
Project("{F184B08F-C81C-45F6-A57F-5ABD9991F28F}") = "201801223_sillones", "201801223_sillones.vbproj", "{8A5A3A04-57CC-43D8-A303-19FD69238BCD}"
EndProject
Global
	GlobalSection(SolutionConfigurationPlatforms) = preSolution
		Debug|Any CPU = Debug|Any CPU
		Release|Any CPU = Release|Any CPU
	EndGlobalSection
	GlobalSection(ProjectConfigurationPlatforms) = postSolution
		{8A5A3A04-57CC-43D8-A303-19FD69238BCD}.Debug|Any CPU.ActiveCfg = Debug|Any CPU
		{8A5A3A04-57CC-43D8-A303-19FD69238BCD}.Debug|Any CPU.Build.0 = Debug|Any CPU
		{8A5A3A04-57CC-43D8-A303-19FD69238BCD}.Release|Any CPU.ActiveCfg = Release|Any CPU
		{8A5A3A04-57CC-43D8-A303-19FD69238BCD}.Release|Any CPU.Build.0 = Release|Any CPU
	EndGlobalSection
	GlobalSection(SolutionProperties) = preSolution
		HideSolutionNode = FALSE
	EndGlobalSection
	GlobalSection(ExtensibilityGlobals) = postSolution
		SolutionGuid = {D6A88D04-A134-4E0C-AC59-024F1E9725DD}
	EndGlobalSection
EndGlobal
